PODS:
  - ActionSheetPicker-3.0 (2.3.1)
  - Alamofire (4.8.2)
  - CardIO (5.4.1)
  - Cosmos (23.0.0)
  - CountryPickerView (3.2.0)
  - EasyTipView (2.1.0)
  - Firebase (9.1.0):
    - Firebase/Core (= 9.1.0)
  - Firebase/Core (9.1.0):
    - Firebase/CoreOnly
    - FirebaseAnalytics (~> 9.1.0)
  - Firebase/CoreOnly (9.1.0):
    - FirebaseCore (= 9.1.0)
  - Firebase/Messaging (9.1.0):
    - Firebase/CoreOnly
    - FirebaseMessaging (~> 9.1.0)
  - FirebaseAnalytics (9.1.0):
    - FirebaseAnalytics/AdIdSupport (= 9.1.0)
    - FirebaseCore (~> 9.0)
    - FirebaseInstallations (~> 9.0)
    - GoogleUtilities/AppDelegateSwizzler (~> 7.7)
    - GoogleUtilities/MethodSwizzler (~> 7.7)
    - GoogleUtilities/Network (~> 7.7)
    - "GoogleUtilities/NSData+zlib (~> 7.7)"
    - nanopb (< 2.30910.0, >= 2.30908.0)
  - FirebaseAnalytics/AdIdSupport (9.1.0):
    - FirebaseCore (~> 9.0)
    - FirebaseInstallations (~> 9.0)
    - GoogleAppMeasurement (= 9.1.0)
    - GoogleUtilities/AppDelegateSwizzler (~> 7.7)
    - GoogleUtilities/MethodSwizzler (~> 7.7)
    - GoogleUtilities/Network (~> 7.7)
    - "GoogleUtilities/NSData+zlib (~> 7.7)"
    - nanopb (< 2.30910.0, >= 2.30908.0)
  - FirebaseCore (9.1.0):
    - FirebaseCoreDiagnostics (~> 9.0)
    - FirebaseCoreInternal (~> 9.0)
    - GoogleUtilities/Environment (~> 7.7)
    - GoogleUtilities/Logger (~> 7.7)
  - FirebaseCoreDiagnostics (9.1.0):
    - GoogleDataTransport (< 10.0.0, >= 9.1.4)
    - GoogleUtilities/Environment (~> 7.7)
    - GoogleUtilities/Logger (~> 7.7)
    - nanopb (< 2.30910.0, >= 2.30908.0)
  - FirebaseCoreInternal (9.6.0):
    - "GoogleUtilities/NSData+zlib (~> 7.7)"
  - FirebaseInstallations (9.1.0):
    - FirebaseCore (~> 9.0)
    - GoogleUtilities/Environment (~> 7.7)
    - GoogleUtilities/UserDefaults (~> 7.7)
    - PromisesObjC (~> 2.1)
  - FirebaseMessaging (9.1.0):
    - FirebaseCore (~> 9.0)
    - FirebaseInstallations (~> 9.0)
    - GoogleDataTransport (< 10.0.0, >= 9.1.4)
    - GoogleUtilities/AppDelegateSwizzler (~> 7.7)
    - GoogleUtilities/Environment (~> 7.7)
    - GoogleUtilities/Reachability (~> 7.7)
    - GoogleUtilities/UserDefaults (~> 7.7)
    - nanopb (< 2.30910.0, >= 2.30908.0)
  - FormTextField (3.1.0)
  - GoogleAppMeasurement (9.1.0):
    - GoogleAppMeasurement/AdIdSupport (= 9.1.0)
    - GoogleUtilities/AppDelegateSwizzler (~> 7.7)
    - GoogleUtilities/MethodSwizzler (~> 7.7)
    - GoogleUtilities/Network (~> 7.7)
    - "GoogleUtilities/NSData+zlib (~> 7.7)"
    - nanopb (< 2.30910.0, >= 2.30908.0)
  - GoogleAppMeasurement/AdIdSupport (9.1.0):
    - GoogleAppMeasurement/WithoutAdIdSupport (= 9.1.0)
    - GoogleUtilities/AppDelegateSwizzler (~> 7.7)
    - GoogleUtilities/MethodSwizzler (~> 7.7)
    - GoogleUtilities/Network (~> 7.7)
    - "GoogleUtilities/NSData+zlib (~> 7.7)"
    - nanopb (< 2.30910.0, >= 2.30908.0)
  - GoogleAppMeasurement/WithoutAdIdSupport (9.1.0):
    - GoogleUtilities/AppDelegateSwizzler (~> 7.7)
    - GoogleUtilities/MethodSwizzler (~> 7.7)
    - GoogleUtilities/Network (~> 7.7)
    - "GoogleUtilities/NSData+zlib (~> 7.7)"
    - nanopb (< 2.30910.0, >= 2.30908.0)
  - GoogleDataTransport (9.1.4):
    - GoogleUtilities/Environment (~> 7.7)
    - nanopb (< 2.30910.0, >= 2.30908.0)
    - PromisesObjC (< 3.0, >= 1.2)
  - GoogleMaps (3.0.3):
    - GoogleMaps/Maps (= 3.0.3)
  - GoogleMaps/Base (3.0.3)
  - GoogleMaps/Maps (3.0.3):
    - GoogleMaps/Base
  - GooglePlaces (3.0.3):
    - GoogleMaps/Base (= 3.0.3)
  - GoogleUtilities/AppDelegateSwizzler (7.7.0):
    - GoogleUtilities/Environment
    - GoogleUtilities/Logger
    - GoogleUtilities/Network
  - GoogleUtilities/Environment (7.7.0):
    - PromisesObjC (< 3.0, >= 1.2)
  - GoogleUtilities/Logger (7.7.0):
    - GoogleUtilities/Environment
  - GoogleUtilities/MethodSwizzler (7.7.0):
    - GoogleUtilities/Logger
  - GoogleUtilities/Network (7.7.0):
    - GoogleUtilities/Logger
    - "GoogleUtilities/NSData+zlib"
    - GoogleUtilities/Reachability
  - "GoogleUtilities/NSData+zlib (7.7.0)"
  - GoogleUtilities/Reachability (7.7.0):
    - GoogleUtilities/Logger
  - GoogleUtilities/UserDefaults (7.7.0):
    - GoogleUtilities/Logger
  - IQDropDownTextField (1.1.1)
  - IQKeyboardManagerSwift (6.4.2)
  - Kingfisher (7.1.2)
  - lottie-ios (3.3.0)
  - MarqueeLabel/Swift (3.2.1)
  - MaterialComponents/AnimationTiming (124.2.0)
  - MaterialComponents/Availability (124.2.0)
  - MaterialComponents/private/Math (124.2.0)
  - "MaterialComponents/private/TextControlsPrivate+BaseStyle (124.2.0)":
    - MaterialComponents/AnimationTiming
    - MaterialComponents/private/Math
    - "MaterialComponents/private/TextControlsPrivate+Shared"
  - "MaterialComponents/private/TextControlsPrivate+OutlinedStyle (124.2.0)":
    - MaterialComponents/AnimationTiming
    - MaterialComponents/Availability
    - MaterialComponents/private/Math
    - "MaterialComponents/private/TextControlsPrivate+Shared"
  - "MaterialComponents/private/TextControlsPrivate+Shared (124.2.0)":
    - MaterialComponents/AnimationTiming
    - MaterialComponents/private/Math
    - "MaterialComponents/TextControls+Enums"
  - "MaterialComponents/private/TextControlsPrivate+TextFields (124.2.0)":
    - MaterialComponents/private/Math
    - "MaterialComponents/private/TextControlsPrivate+Shared"
  - "MaterialComponents/TextControls+BaseTextFields (124.2.0)":
    - "MaterialComponents/private/TextControlsPrivate+BaseStyle"
    - "MaterialComponents/private/TextControlsPrivate+Shared"
    - "MaterialComponents/private/TextControlsPrivate+TextFields"
    - MDFInternationalization
  - "MaterialComponents/TextControls+Enums (124.2.0)"
  - "MaterialComponents/TextControls+OutlinedTextFields (124.2.0)":
    - MaterialComponents/Availability
    - "MaterialComponents/private/TextControlsPrivate+OutlinedStyle"
    - "MaterialComponents/TextControls+BaseTextFields"
  - MDFInternationalization (3.0.0)
  - MKToolTip (1.0.6)
  - nanopb (2.30909.0):
    - nanopb/decode (= 2.30909.0)
    - nanopb/encode (= 2.30909.0)
  - nanopb/decode (2.30909.0)
  - nanopb/encode (2.30909.0)
  - PromisesObjC (2.1.0)
  - QRCodeReader.swift (10.1.0)
  - SDWebImage (4.4.6):
    - SDWebImage/Core (= 4.4.6)
  - SDWebImage/Core (4.4.6)
  - SideMenuSwift (2.0.9)
  - SkyFloatingLabelTextField (3.7.0)
  - Socket.IO-Client-Swift (15.1.0):
    - Starscream (~> 3.1)
  - SSSpinnerButton (3.0.2)
  - Starscream (3.1.1)
  - SwiftMessages (9.0.6):
    - SwiftMessages/App (= 9.0.6)
  - SwiftMessages/App (9.0.6)
  - SwiftyJSON (5.0.1)
  - UIView-Shimmer (1.0.4)

DEPENDENCIES:
  - ActionSheetPicker-3.0 (~> 2.3.0)
  - Alamofire (~> 4.8.2)
  - CardIO (~> 5.4.1)
  - Cosmos (~> 23.0)
  - CountryPickerView (~> 3.2.0)
  - EasyTipView (~> 2.1)
  - Firebase
  - Firebase/Messaging
  - FormTextField (~> 3.1.0)
  - GoogleMaps (= 3.0.3)
  - GooglePlaces (= 3.0.3)
  - IQDropDownTextField (~> 1.1.1)
  - IQKeyboardManagerSwift (~> 6.4.0)
  - Kingfisher (~> 7.1.1)
  - lottie-ios (~> 3.3.0)
  - MarqueeLabel/Swift (~> 3.2.1)
  - "MaterialComponents/TextControls+OutlinedTextFields"
  - MKToolTip (~> 1.0.6)
  - QRCodeReader.swift (~> 10.1.0)
  - SDWebImage (= 4.4.6)
  - SideMenuSwift (~> 2.0.7)
  - SkyFloatingLabelTextField (~> 3.7.0)
  - Socket.IO-Client-Swift (~> 15.1.0)
  - SSSpinnerButton (~> 3.0.1)
  - SwiftMessages (~> 9.0.6)
  - SwiftyJSON (~> 5.0.0)
  - UIView-Shimmer (~> 1.0)

SPEC REPOS:
  trunk:
    - ActionSheetPicker-3.0
    - Alamofire
    - CardIO
    - Cosmos
    - CountryPickerView
    - EasyTipView
    - Firebase
    - FirebaseAnalytics
    - FirebaseCore
    - FirebaseCoreDiagnostics
    - FirebaseCoreInternal
    - FirebaseInstallations
    - FirebaseMessaging
    - FormTextField
    - GoogleAppMeasurement
    - GoogleDataTransport
    - GoogleMaps
    - GooglePlaces
    - GoogleUtilities
    - IQDropDownTextField
    - IQKeyboardManagerSwift
    - Kingfisher
    - lottie-ios
    - MarqueeLabel
    - MaterialComponents
    - MDFInternationalization
    - MKToolTip
    - nanopb
    - PromisesObjC
    - QRCodeReader.swift
    - SDWebImage
    - SideMenuSwift
    - SkyFloatingLabelTextField
    - Socket.IO-Client-Swift
    - SSSpinnerButton
    - Starscream
    - SwiftMessages
    - SwiftyJSON
    - UIView-Shimmer

SPEC CHECKSUMS:
  ActionSheetPicker-3.0: 2f5e3fde6b3205a7318f9338e4ec0f373ce7e75c
  Alamofire: ae5c501addb7afdbb13687d7f2f722c78734c2d3
  CardIO: 56983b39b62f495fc6dae9ad7cf875143df06443
  Cosmos: b5c6a9a637e28a061b54c8f8b1d8529d7d4db73f
  CountryPickerView: 9b093bfffb4b06a69ba6185a798cadbf863720e7
  EasyTipView: a92b6edc377b81c5ac18e9fd35d5ee78e9409488
  Firebase: 91c243d75573ac6e7c9735ec859b72bffb61347d
  FirebaseAnalytics: bf11064790ac96804df1df9ddc0ae45af950d9fc
  FirebaseCore: b7bfc258e996eada23b3666bd6b9a22ca092acb8
  FirebaseCoreDiagnostics: 2dabba3412b23b524823325739f45e520f67d1e7
  FirebaseCoreInternal: bca76517fe1ed381e989f5e7d8abb0da8d85bed3
  FirebaseInstallations: a91c74276b544524ce144c8315d8cdbce2dbe30b
  FirebaseMessaging: 0bf5caa621182ccc66ba3be3b15e68d800d98e9f
  FormTextField: 229e496b8dae002c5062ea5e961e2140528782e2
  GoogleAppMeasurement: 8ecc717f2abe3f9ee95a5d38db08827852894acc
  GoogleDataTransport: 5fffe35792f8b96ec8d6775f5eccd83c998d5a3b
  GoogleMaps: fd5c9fa58871781b9fb94d4936f19c69fe60ce32
  GooglePlaces: f09e76993c9c3ee4af8f4f7f535bb94d6aa3b649
  GoogleUtilities: e0913149f6b0625b553d70dae12b49fc62914fd1
  IQDropDownTextField: 3d2e5728a2b83ff5dbb14cb9b497a80005124cbe
  IQKeyboardManagerSwift: 79a3ec200dfb41cb66a89b8575417b5378107c5d
  Kingfisher: 44ed6a8504763f27bab46163adfac83f5deb240c
  lottie-ios: 6ac74dcc09904798f59b18cb3075c089d76be9ae
  MarqueeLabel: 2daf039bf916937c8a4c9adfc13577cc5e51b4ce
  MaterialComponents: 1a9b2d9d45b1601ae544de85089adc4c464306d4
  MDFInternationalization: d697c55307816222a55685c4ccb1044ffb030c12
  MKToolTip: 69509b1cada10f96bd9f4ab559a768e7c6557933
  nanopb: b552cce312b6c8484180ef47159bc0f65a1f0431
  PromisesObjC: 99b6f43f9e1044bd87a95a60beff28c2c44ddb72
  QRCodeReader.swift: 373a389fe9a22d513c879a32a6f647c58f4ef572
  SDWebImage: 3f3f0c02f09798048c47a5ed0a13f17b063572d8
  SideMenuSwift: 39f1922e225da4aaa8b16591037a929defe960c9
  SkyFloatingLabelTextField: 4b46db0ab1ccde0919cded29c656e6b4805eda04
  Socket.IO-Client-Swift: 7cb44c0ffb86e158cee32d0642d30ec5fdcf8f61
  SSSpinnerButton: ba9ec6858f2f6fa902a5131d3aec5282588241f8
  Starscream: 4bb2f9942274833f7b4d296a55504dcfc7edb7b0
  SwiftMessages: f0c7ef4705a570ad6c5e208b611f4333e660ed92
  SwiftyJSON: 2f33a42c6fbc52764d96f13368585094bfd8aa5e
  UIView-Shimmer: ff0a32c73d67c7dbdea3d9e530538b10d18aea56

PODFILE CHECKSUM: ea8f1f58cc480377e1b507ade3047bb88c5b4dd8

COCOAPODS: 1.11.3
